
Microsoft Visual Studio Solution File, Format Version 12.00
# Visual Studio Version 16
VisualStudioVersion = 16.0.29306.81
MinimumVisualStudioVersion = 10.0.40219.1
Project("{FAE04EC0-301F-11D3-BF4B-00C04F79EFBC}") = "FinalMagayaApi", "FinalMagayaApi\FinalMagayaApi.csproj", "{F4106790-E6B1-407C-8C9F-D3BF2B7D8747}"
EndProject
Project("{FAE04EC0-301F-11D3-BF4B-00C04F79EFBC}") = "Entidades", "Entidades\Entidades.csproj", "{4C1BA7E2-72FE-49BA-9633-A595BD891871}"
EndProject
Project("{FAE04EC0-301F-11D3-BF4B-00C04F79EFBC}") = "Logica", "Logica\Logica.csproj", "{2E04EBC9-11BE-4A8E-A157-CAB9B1C7EEA7}"
EndProject
Project("{FAE04EC0-301F-11D3-BF4B-00C04F79EFBC}") = "Data", "Data\Data.csproj", "{859DB369-BCCE-41DC-A09F-C8F676DCC360}"
EndProject
Global
	GlobalSection(SolutionConfigurationPlatforms) = preSolution
		Debug|Any CPU = Debug|Any CPU
		Release|Any CPU = Release|Any CPU
	EndGlobalSection
	GlobalSection(ProjectConfigurationPlatforms) = postSolution
		{F4106790-E6B1-407C-8C9F-D3BF2B7D8747}.Debug|Any CPU.ActiveCfg = Debug|Any CPU
		{F4106790-E6B1-407C-8C9F-D3BF2B7D8747}.Debug|Any CPU.Build.0 = Debug|Any CPU
		{F4106790-E6B1-407C-8C9F-D3BF2B7D8747}.Release|Any CPU.ActiveCfg = Release|Any CPU
		{F4106790-E6B1-407C-8C9F-D3BF2B7D8747}.Release|Any CPU.Build.0 = Release|Any CPU
		{4C1BA7E2-72FE-49BA-9633-A595BD891871}.Debug|Any CPU.ActiveCfg = Debug|Any CPU
		{4C1BA7E2-72FE-49BA-9633-A595BD891871}.Debug|Any CPU.Build.0 = Debug|Any CPU
		{4C1BA7E2-72FE-49BA-9633-A595BD891871}.Release|Any CPU.ActiveCfg = Release|Any CPU
		{4C1BA7E2-72FE-49BA-9633-A595BD891871}.Release|Any CPU.Build.0 = Release|Any CPU
		{2E04EBC9-11BE-4A8E-A157-CAB9B1C7EEA7}.Debug|Any CPU.ActiveCfg = Debug|Any CPU
		{2E04EBC9-11BE-4A8E-A157-CAB9B1C7EEA7}.Debug|Any CPU.Build.0 = Debug|Any CPU
		{2E04EBC9-11BE-4A8E-A157-CAB9B1C7EEA7}.Release|Any CPU.ActiveCfg = Release|Any CPU
		{2E04EBC9-11BE-4A8E-A157-CAB9B1C7EEA7}.Release|Any CPU.Build.0 = Release|Any CPU
		{859DB369-BCCE-41DC-A09F-C8F676DCC360}.Debug|Any CPU.ActiveCfg = Debug|Any CPU
		{859DB369-BCCE-41DC-A09F-C8F676DCC360}.Debug|Any CPU.Build.0 = Debug|Any CPU
		{859DB369-BCCE-41DC-A09F-C8F676DCC360}.Release|Any CPU.ActiveCfg = Release|Any CPU
		{859DB369-BCCE-41DC-A09F-C8F676DCC360}.Release|Any CPU.Build.0 = Release|Any CPU
	EndGlobalSection
	GlobalSection(SolutionProperties) = preSolution
		HideSolutionNode = FALSE
	EndGlobalSection
	GlobalSection(ExtensibilityGlobals) = postSolution
		SolutionGuid = {6D5AC96C-5E27-48B7-9E77-1255AB2D945B}
	EndGlobalSection
EndGlobal
